# This file is automatically @generated by Cargo.
# It is not intended for manual editing.
[[package]]
name = "cpuid-bool"
version = "0.2.0"
source = "registry+https://github.com/rust-lang/crates.io-index"
checksum = "dcb25d077389e53838a8158c8e99174c5a9d902dee4904320db714f3c653ffba"

[[package]]
name = "rs_audit_demo"
version = "0.1.0"
dependencies = [
 "cpuid-bool",
]
